<Solution>
  <Folder Name="/src/" />
  <Folder Name="/src/tests/">
    <Project Path="src/tests/genocs.cli.tests/genocs.cli.tests.csproj" />
  </Folder>
  <Folder Name="/_Solution Items/">
    <File Path="Directory.Build.props" />
    <File Path="Directory.Build.targets" />
    <File Path="dotnet.ruleset" />
    <File Path="NuGet.config" />
    <File Path="README.md" />
    <File Path="stylecop.json" />
  </Folder>
  <Project Path="src/genocs.cli.csproj" />
</Solution>
